
Microsoft Visual Studio Solution File, Format Version 12.00
# Visual Studio 15
VisualStudioVersion = 15.0.26730.12
MinimumVisualStudioVersion = 10.0.40219.1
Project("{E24C65DC-7377-472B-9ABA-BC803B73C61A}") = "Research", "http://localhost:60094", "{709DC5FF-4662-4150-AC30-E3F7D4FFA0F6}"
	ProjectSection(WebsiteProperties) = preProject
		SccProjectName = "SAK"
		SccAuxPath = "SAK"
		SccLocalPath = "SAK"
		SccProvider = "SAK"
		UseIISExpress = "true"
		TargetFrameworkMoniker = ".NETFramework,Version%3Dv4.5.2"
		Debug.AspNetCompiler.VirtualPath = "/localhost_60094"
		Debug.AspNetCompiler.PhysicalPath = "Research\"
		Debug.AspNetCompiler.TargetPath = "PrecompiledWeb\localhost_60094\"
		Debug.AspNetCompiler.Updateable = "true"
		Debug.AspNetCompiler.ForceOverwrite = "true"
		Debug.AspNetCompiler.FixedNames = "false"
		Debug.AspNetCompiler.Debug = "True"
		Release.AspNetCompiler.VirtualPath = "/localhost_60094"
		Release.AspNetCompiler.PhysicalPath = "Research\"
		Release.AspNetCompiler.TargetPath = "PrecompiledWeb\localhost_60094\"
		Release.AspNetCompiler.Updateable = "true"
		Release.AspNetCompiler.ForceOverwrite = "true"
		Release.AspNetCompiler.FixedNames = "false"
		Release.AspNetCompiler.Debug = "False"
		SlnRelativePath = "Research\"
		DefaultWebSiteLanguage = "Visual C#"
	EndProjectSection
EndProject
Global
	GlobalSection(SolutionConfigurationPlatforms) = preSolution
		Debug|Any CPU = Debug|Any CPU
		Release|Any CPU = Release|Any CPU
		ws03_live|Any CPU = ws03_live|Any CPU
		ws03_ResearchGit|Any CPU = ws03_ResearchGit|Any CPU
	EndGlobalSection
	GlobalSection(ProjectConfigurationPlatforms) = postSolution
		{709DC5FF-4662-4150-AC30-E3F7D4FFA0F6}.Debug|Any CPU.ActiveCfg = Debug|Any CPU
		{709DC5FF-4662-4150-AC30-E3F7D4FFA0F6}.Debug|Any CPU.Build.0 = Debug|Any CPU
		{709DC5FF-4662-4150-AC30-E3F7D4FFA0F6}.Release|Any CPU.ActiveCfg = Debug|Any CPU
		{709DC5FF-4662-4150-AC30-E3F7D4FFA0F6}.Release|Any CPU.Build.0 = Debug|Any CPU
		{709DC5FF-4662-4150-AC30-E3F7D4FFA0F6}.ws03_live|Any CPU.ActiveCfg = Debug|Any CPU
		{709DC5FF-4662-4150-AC30-E3F7D4FFA0F6}.ws03_live|Any CPU.Build.0 = Debug|Any CPU
		{709DC5FF-4662-4150-AC30-E3F7D4FFA0F6}.ws03_ResearchGit|Any CPU.ActiveCfg = Debug|Any CPU
		{709DC5FF-4662-4150-AC30-E3F7D4FFA0F6}.ws03_ResearchGit|Any CPU.Build.0 = Debug|Any CPU
	EndGlobalSection
	GlobalSection(SolutionProperties) = preSolution
		HideSolutionNode = FALSE
	EndGlobalSection
	GlobalSection(ExtensibilityGlobals) = postSolution
		SolutionGuid = {E85813C8-8098-48CA-AEE7-0CC97703BF10}
	EndGlobalSection
EndGlobal
